
Microsoft Visual Studio Solution File, Format Version 12.00
# Visual Studio Version 16
VisualStudioVersion = 16.0.31129.286
MinimumVisualStudioVersion = 10.0.40219.1
Project("{FAE04EC0-301F-11D3-BF4B-00C04F79EFBC}") = "Mosoeun", "Mosoeun\Mosoeun.csproj", "{A744BE54-3A5F-4A19-9591-FBF56C759FEC}"
EndProject
Global
	GlobalSection(SolutionConfigurationPlatforms) = preSolution
		Debug|Any CPU = Debug|Any CPU
		Release|Any CPU = Release|Any CPU
	EndGlobalSection
	GlobalSection(ProjectConfigurationPlatforms) = postSolution
		{A744BE54-3A5F-4A19-9591-FBF56C759FEC}.Debug|Any CPU.ActiveCfg = Debug|Any CPU
		{A744BE54-3A5F-4A19-9591-FBF56C759FEC}.Debug|Any CPU.Build.0 = Debug|Any CPU
		{A744BE54-3A5F-4A19-9591-FBF56C759FEC}.Release|Any CPU.ActiveCfg = Release|Any CPU
		{A744BE54-3A5F-4A19-9591-FBF56C759FEC}.Release|Any CPU.Build.0 = Release|Any CPU
	EndGlobalSection
	GlobalSection(SolutionProperties) = preSolution
		HideSolutionNode = FALSE
	EndGlobalSection
	GlobalSection(ExtensibilityGlobals) = postSolution
		SolutionGuid = {F3946697-CF89-4DB3-9602-A311FD2DEC5B}
	EndGlobalSection
EndGlobal
